
Microsoft Visual Studio Solution File, Format Version 12.00
# Visual Studio 15
VisualStudioVersion = 15.0.28307.168
MinimumVisualStudioVersion = 10.0.40219.1
Project("{FAE04EC0-301F-11D3-BF4B-00C04F79EFBC}") = "Module2Topic1", "Module2Topic1\Module2Topic1.csproj", "{EF9532C7-1BA4-4137-AB03-DDF02AAFF69A}"
EndProject
Global
	GlobalSection(SolutionConfigurationPlatforms) = preSolution
		Debug|Any CPU = Debug|Any CPU
		Release|Any CPU = Release|Any CPU
	EndGlobalSection
	GlobalSection(ProjectConfigurationPlatforms) = postSolution
		{EF9532C7-1BA4-4137-AB03-DDF02AAFF69A}.Debug|Any CPU.ActiveCfg = Debug|Any CPU
		{EF9532C7-1BA4-4137-AB03-DDF02AAFF69A}.Debug|Any CPU.Build.0 = Debug|Any CPU
		{EF9532C7-1BA4-4137-AB03-DDF02AAFF69A}.Release|Any CPU.ActiveCfg = Release|Any CPU
		{EF9532C7-1BA4-4137-AB03-DDF02AAFF69A}.Release|Any CPU.Build.0 = Release|Any CPU
	EndGlobalSection
	GlobalSection(SolutionProperties) = preSolution
		HideSolutionNode = FALSE
	EndGlobalSection
	GlobalSection(ExtensibilityGlobals) = postSolution
		SolutionGuid = {36E7D76F-F48C-427A-99A3-832D1ECFB4DC}
	EndGlobalSection
EndGlobal
